
Microsoft Visual Studio Solution File, Format Version 12.00
# Visual Studio Version 17
VisualStudioVersion = 17.5.33530.505
MinimumVisualStudioVersion = 10.0.40219.1
Project("{FAE04EC0-301F-11D3-BF4B-00C04F79EFBC}") = "LiftTracker", "LiftTracker.csproj", "{30E5A54A-C38C-4064-A05B-872C100AD2BA}"
EndProject
Global
	GlobalSection(SolutionConfigurationPlatforms) = preSolution
		Debug|Any CPU = Debug|Any CPU
		Release|Any CPU = Release|Any CPU
	EndGlobalSection
	GlobalSection(ProjectConfigurationPlatforms) = postSolution
		{30E5A54A-C38C-4064-A05B-872C100AD2BA}.Debug|Any CPU.ActiveCfg = Debug|Any CPU
		{30E5A54A-C38C-4064-A05B-872C100AD2BA}.Debug|Any CPU.Build.0 = Debug|Any CPU
		{30E5A54A-C38C-4064-A05B-872C100AD2BA}.Release|Any CPU.ActiveCfg = Release|Any CPU
		{30E5A54A-C38C-4064-A05B-872C100AD2BA}.Release|Any CPU.Build.0 = Release|Any CPU
	EndGlobalSection
	GlobalSection(SolutionProperties) = preSolution
		HideSolutionNode = FALSE
	EndGlobalSection
	GlobalSection(ExtensibilityGlobals) = postSolution
		SolutionGuid = {AC868EFA-58B4-4368-B07B-B5C2F68A8B19}
	EndGlobalSection
EndGlobal
